
Microsoft Visual Studio Solution File, Format Version 12.00
# Visual Studio 15
VisualStudioVersion = 15.0.28307.2092
MinimumVisualStudioVersion = 10.0.40219.1
Project("{FAE04EC0-301F-11D3-BF4B-00C04F79EFBC}") = "WPFPozoriste", "WPFPozoriste\WPFPozoriste.csproj", "{C3AFBEA1-1DEA-4957-A747-3A5F180A6C66}"
EndProject
Global
	GlobalSection(SolutionConfigurationPlatforms) = preSolution
		Debug|Any CPU = Debug|Any CPU
		Release|Any CPU = Release|Any CPU
	EndGlobalSection
	GlobalSection(ProjectConfigurationPlatforms) = postSolution
		{C3AFBEA1-1DEA-4957-A747-3A5F180A6C66}.Debug|Any CPU.ActiveCfg = Debug|Any CPU
		{C3AFBEA1-1DEA-4957-A747-3A5F180A6C66}.Debug|Any CPU.Build.0 = Debug|Any CPU
		{C3AFBEA1-1DEA-4957-A747-3A5F180A6C66}.Release|Any CPU.ActiveCfg = Release|Any CPU
		{C3AFBEA1-1DEA-4957-A747-3A5F180A6C66}.Release|Any CPU.Build.0 = Release|Any CPU
	EndGlobalSection
	GlobalSection(SolutionProperties) = preSolution
		HideSolutionNode = FALSE
	EndGlobalSection
	GlobalSection(ExtensibilityGlobals) = postSolution
		SolutionGuid = {8090208D-1285-4881-8644-E8789012B65F}
	EndGlobalSection
EndGlobal
